<?xml version="1.0" encoding="utf-8"?>
<Project ToolsVersion="4.0" xmlns="http://schemas.microsoft.com/developer/msbuild/2003">
  <ItemGroup>
    <Filter Include="Source Files">
      <UniqueIdentifier>{4FC737F1-C7A5-4376-A066-2A32D752A2FF}</UniqueIdentifier>
      <Extensions>cpp;c;cc;cxx;def;odl;idl;hpj;bat;asm;asmx</Extensions>
    </Filter>
    <Filter Include="Header Files">
      <UniqueIdentifier>{93995380-89BD-4b04-88EB-625FBE52EBFB}</UniqueIdentifier>
      <Extensions>h;hpp;hxx;hm;inl;inc;xsd</Extensions>
    </Filter>
    <Filter Include="Resource Files">
      <UniqueIdentifier>{67DA6AB6-F800-4c08-8B7A-83BB121AAD01}</UniqueIdentifier>
      <Extensions>rc;ico;cur;bmp;dlg;rc2;rct;bin;rgs;gif;jpg;jpeg;jpe;resx;tiff;tif;png;wav;mfcribbon-ms</Extensions>
    </Filter>
  </ItemGroup>
  <ItemGroup>
    <ClInclude Include="include\ProtoZed\Singleton.h">
      <Filter>Header Files</Filter>
    </ClInclude>
    <ClInclude Include="include\ProtoZed\Application.h">
      <Filter>Header Files</Filter>
    </ClInclude>
    <ClInclude Include="include\ProtoZed\AppState.h">
      <Filter>Header Files</Filter>
    </ClInclude>
    <ClInclude Include="include\ProtoZed\Animation\AnimationGroup.h">
      <Filter>Header Files</Filter>
    </ClInclude>
    <ClInclude Include="include\ProtoZed\Animation\AnimationManager.h">
      <Filter>Header Files</Filter>
    </ClInclude>
    <ClInclude Include="include\ProtoZed\Animation\Animable.h">
      <Filter>Header Files</Filter>
    </ClInclude>
    <ClInclude Include="include\ProtoZed\Animation\Easing.h">
      <Filter>Header Files</Filter>
    </ClInclude>
    <ClInclude Include="include\ProtoZed\ObjectFactory\MacroRepeat.h">
      <Filter>Header Files</Filter>
    </ClInclude>
    <ClInclude Include="include\ProtoZed\ObjectFactory\ObjectFactory.h">
      <Filter>Header Files</Filter>
    </ClInclude>
    <ClInclude Include="include\ProtoZed\AppStateManager.h">
      <Filter>Header Files</Filter>
    </ClInclude>
    <ClInclude Include="include\ProtoZed\Animation\AnimationBase.h">
      <Filter>Header Files</Filter>
    </ClInclude>
    <ClInclude Include="include\ProtoZed\Animation\Animation.h">
      <Filter>Header Files</Filter>
    </ClInclude>
    <ClInclude Include="include\ProtoZed\FastDelegate\allocator.hpp">
      <Filter>Header Files</Filter>
    </ClInclude>
    <ClInclude Include="include\ProtoZed\FastDelegate\make_delegatetmpl.hpp">
      <Filter>Header Files</Filter>
    </ClInclude>
    <ClInclude Include="include\ProtoZed\FastDelegate\bindtmpl.hpp">
      <Filter>Header Files</Filter>
    </ClInclude>
    <ClInclude Include="include\ProtoZed\FastDelegate\config.hpp">
      <Filter>Header Files</Filter>
    </ClInclude>
    <ClInclude Include="include\ProtoZed\FastDelegate\delegate.h">
      <Filter>Header Files</Filter>
    </ClInclude>
    <ClInclude Include="include\ProtoZed\FastDelegate\delegatetmpl.h">
      <Filter>Header Files</Filter>
    </ClInclude>
    <ClInclude Include="include\ProtoZed\FastDelegate\delegatetmpl.hpp">
      <Filter>Header Files</Filter>
    </ClInclude>
    <ClInclude Include="include\ProtoZed\FastDelegate\get_pointer.hpp">
      <Filter>Header Files</Filter>
    </ClInclude>
    <ClInclude Include="include\ProtoZed\Entity.h">
      <Filter>Header Files</Filter>
    </ClInclude>
    <ClInclude Include="include\ProtoZed\EntityManager.h">
      <Filter>Header Files</Filter>
    </ClInclude>
    <ClInclude Include="include\ProtoZed\Entities\DrawableEntity.h">
      <Filter>Header Files</Filter>
    </ClInclude>
    <ClInclude Include="include\ProtoZed\AssetStorage.h">
      <Filter>Header Files</Filter>
    </ClInclude>
    <ClInclude Include="include\ProtoZed\ParticleSystem\Particle.h">
      <Filter>Header Files</Filter>
    </ClInclude>
    <ClInclude Include="include\ProtoZed\Convert.h">
      <Filter>Header Files</Filter>
    </ClInclude>
    <ClInclude Include="include\ProtoZed\UniqueIDGenerator.h">
      <Filter>Header Files</Filter>
    </ClInclude>
    <ClInclude Include="include\ProtoZed\Entities\SoundEntity.h">
      <Filter>Header Files</Filter>
    </ClInclude>
    <ClInclude Include="include\ProtoZed\Entities\ListenerEntity.h">
      <Filter>Header Files</Filter>
    </ClInclude>
    <ClInclude Include="include\ProtoZed\ProtoZed.h">
      <Filter>Header Files</Filter>
    </ClInclude>
    <ClInclude Include="include\ProtoZed\Helpers.h">
      <Filter>Header Files</Filter>
    </ClInclude>
    <ClInclude Include="include\ProtoZed\Logging\Log.h">
      <Filter>Header Files</Filter>
    </ClInclude>
    <ClInclude Include="include\ProtoZed\Logging\LogManager.h">
      <Filter>Header Files</Filter>
    </ClInclude>
    <ClInclude Include="include\ProtoZed\Animation\Tween.h">
      <Filter>Header Files</Filter>
    </ClInclude>
    <ClInclude Include="include\ProtoZed\Entities\SpritesheetEntity.h">
      <Filter>Header Files</Filter>
    </ClInclude>
    <ClInclude Include="include\ProtoZed\ParticleSystem\ParticleSystem.h">
      <Filter>Header Files</Filter>
    </ClInclude>
    <ClInclude Include="include\ProtoZed\ParticleSystem\Emitter.h">
      <Filter>Header Files</Filter>
    </ClInclude>
  </ItemGroup>
  <ItemGroup>
    <ClCompile Include="src\Application.cpp">
      <Filter>Source Files</Filter>
    </ClCompile>
    <ClCompile Include="src\AppStateManager.cpp">
      <Filter>Source Files</Filter>
    </ClCompile>
    <ClCompile Include="src\Animation\AnimationGroup.cpp">
      <Filter>Source Files</Filter>
    </ClCompile>
    <ClCompile Include="src\Animation\AnimationManager.cpp">
      <Filter>Source Files</Filter>
    </ClCompile>
    <ClCompile Include="src\Animation\Easing.cpp">
      <Filter>Source Files</Filter>
    </ClCompile>
    <ClCompile Include="src\Animation\AnimationBase.cpp">
      <Filter>Source Files</Filter>
    </ClCompile>
    <ClCompile Include="src\Entity.cpp">
      <Filter>Source Files</Filter>
    </ClCompile>
    <ClCompile Include="src\Entities\DrawableEntity.cpp">
      <Filter>Source Files</Filter>
    </ClCompile>
    <ClCompile Include="src\AssetStorage.cpp">
      <Filter>Source Files</Filter>
    </ClCompile>
    <ClCompile Include="src\UniqueIDGenerator.cpp">
      <Filter>Source Files</Filter>
    </ClCompile>
    <ClCompile Include="src\AppState.cpp">
      <Filter>Source Files</Filter>
    </ClCompile>
    <ClCompile Include="src\Entities\SoundEntity.cpp">
      <Filter>Source Files</Filter>
    </ClCompile>
    <ClCompile Include="src\Entities\ListenerEntity.cpp">
      <Filter>Source Files</Filter>
    </ClCompile>
    <ClCompile Include="src\Convert.cpp">
      <Filter>Source Files</Filter>
    </ClCompile>
    <ClCompile Include="src\Helpers.cpp">
      <Filter>Source Files</Filter>
    </ClCompile>
    <ClCompile Include="src\Logging\Log.cpp">
      <Filter>Source Files</Filter>
    </ClCompile>
    <ClCompile Include="src\Logging\LogManager.cpp">
      <Filter>Source Files</Filter>
    </ClCompile>
    <ClCompile Include="src\Animation\Tween.cpp">
      <Filter>Source Files</Filter>
    </ClCompile>
    <ClCompile Include="src\Entities\SpritesheetEntity.cpp">
      <Filter>Source Files</Filter>
    </ClCompile>
    <ClCompile Include="src\ParticleSystem\ParticleSystem.cpp">
      <Filter>Source Files</Filter>
    </ClCompile>
    <ClCompile Include="src\ParticleSystem\Emitter.cpp">
      <Filter>Source Files</Filter>
    </ClCompile>
  </ItemGroup>
</Project>